
Microsoft Visual Studio Solution File, Format Version 12.00
# Visual Studio Version 17
VisualStudioVersion = 17.2.32602.215
MinimumVisualStudioVersion = 10.0.40219.1
Project("{FAE04EC0-301F-11D3-BF4B-00C04F79EFBC}") = "PostClient", "PostClient.csproj", "{9D9D5FD3-4C4C-4A50-B406-0E0F409FE11D}"
EndProject
Project("{FAE04EC0-301F-11D3-BF4B-00C04F79EFBC}") = "PostClient.ViewModels", "PostClient.ViewModels\PostClient.ViewModels.csproj", "{E01977D4-199C-4F72-8149-B2050DC62264}"
EndProject
Project("{FAE04EC0-301F-11D3-BF4B-00C04F79EFBC}") = "PostClient.Models", "PostClient.Models\PostClient.Models.csproj", "{75871DE9-1EB8-44D1-8684-22DE170E1368}"
EndProject
Project("{FAE04EC0-301F-11D3-BF4B-00C04F79EFBC}") = "PostClient.Helpers", "PostClient.Helpers\PostClient.Helpers.csproj", "{F5F61BED-48FA-4654-AE78-1B2F2EF22C11}"
EndProject
Project("{FAE04EC0-301F-11D3-BF4B-00C04F79EFBC}") = "PostClient.UnitTestProject", "PostClient.UnitTestProject\PostClient.UnitTestProject.csproj", "{73559D62-1DB8-42F8-B690-FE1B69BC2AC3}"
EndProject
Project("{FAE04EC0-301F-11D3-BF4B-00C04F79EFBC}") = "PostClient.Resources", "PostClient.Resources\PostClient.Resources.csproj", "{180509FA-A508-4657-8106-56290E86790E}"
EndProject
Project("{FAE04EC0-301F-11D3-BF4B-00C04F79EFBC}") = "PostClient.BackgroundTasks", "PostClient.BackgroundTasks\PostClient.BackgroundTasks.csproj", "{B0514C47-B81D-4CBC-B4D2-7073AF843D9A}"
EndProject
Global
	GlobalSection(SolutionConfigurationPlatforms) = preSolution
		Debug|Any CPU = Debug|Any CPU
		Debug|ARM = Debug|ARM
		Debug|ARM64 = Debug|ARM64
		Debug|x64 = Debug|x64
		Debug|x86 = Debug|x86
		Release|Any CPU = Release|Any CPU
		Release|ARM = Release|ARM
		Release|ARM64 = Release|ARM64
		Release|x64 = Release|x64
		Release|x86 = Release|x86
	EndGlobalSection
	GlobalSection(ProjectConfigurationPlatforms) = postSolution
		{9D9D5FD3-4C4C-4A50-B406-0E0F409FE11D}.Debug|Any CPU.ActiveCfg = Debug|x64
		{9D9D5FD3-4C4C-4A50-B406-0E0F409FE11D}.Debug|Any CPU.Build.0 = Debug|x64
		{9D9D5FD3-4C4C-4A50-B406-0E0F409FE11D}.Debug|Any CPU.Deploy.0 = Debug|x64
		{9D9D5FD3-4C4C-4A50-B406-0E0F409FE11D}.Debug|ARM.ActiveCfg = Debug|ARM
		{9D9D5FD3-4C4C-4A50-B406-0E0F409FE11D}.Debug|ARM.Build.0 = Debug|ARM
		{9D9D5FD3-4C4C-4A50-B406-0E0F409FE11D}.Debug|ARM.Deploy.0 = Debug|ARM
		{9D9D5FD3-4C4C-4A50-B406-0E0F409FE11D}.Debug|ARM64.ActiveCfg = Debug|ARM64
		{9D9D5FD3-4C4C-4A50-B406-0E0F409FE11D}.Debug|ARM64.Build.0 = Debug|ARM64
		{9D9D5FD3-4C4C-4A50-B406-0E0F409FE11D}.Debug|ARM64.Deploy.0 = Debug|ARM64
		{9D9D5FD3-4C4C-4A50-B406-0E0F409FE11D}.Debug|x64.ActiveCfg = Debug|x64
		{9D9D5FD3-4C4C-4A50-B406-0E0F409FE11D}.Debug|x64.Build.0 = Debug|x64
		{9D9D5FD3-4C4C-4A50-B406-0E0F409FE11D}.Debug|x64.Deploy.0 = Debug|x64
		{9D9D5FD3-4C4C-4A50-B406-0E0F409FE11D}.Debug|x86.ActiveCfg = Debug|x86
		{9D9D5FD3-4C4C-4A50-B406-0E0F409FE11D}.Debug|x86.Build.0 = Debug|x86
		{9D9D5FD3-4C4C-4A50-B406-0E0F409FE11D}.Debug|x86.Deploy.0 = Debug|x86
		{9D9D5FD3-4C4C-4A50-B406-0E0F409FE11D}.Release|Any CPU.ActiveCfg = Release|x64
		{9D9D5FD3-4C4C-4A50-B406-0E0F409FE11D}.Release|Any CPU.Build.0 = Release|x64
		{9D9D5FD3-4C4C-4A50-B406-0E0F409FE11D}.Release|Any CPU.Deploy.0 = Release|x64
		{9D9D5FD3-4C4C-4A50-B406-0E0F409FE11D}.Release|ARM.ActiveCfg = Release|ARM
		{9D9D5FD3-4C4C-4A50-B406-0E0F409FE11D}.Release|ARM.Build.0 = Release|ARM
		{9D9D5FD3-4C4C-4A50-B406-0E0F409FE11D}.Release|ARM.Deploy.0 = Release|ARM
		{9D9D5FD3-4C4C-4A50-B406-0E0F409FE11D}.Release|ARM64.ActiveCfg = Release|ARM64
		{9D9D5FD3-4C4C-4A50-B406-0E0F409FE11D}.Release|ARM64.Build.0 = Release|ARM64
		{9D9D5FD3-4C4C-4A50-B406-0E0F409FE11D}.Release|ARM64.Deploy.0 = Release|ARM64
		{9D9D5FD3-4C4C-4A50-B406-0E0F409FE11D}.Release|x64.ActiveCfg = Release|x64
		{9D9D5FD3-4C4C-4A50-B406-0E0F409FE11D}.Release|x64.Build.0 = Release|x64
		{9D9D5FD3-4C4C-4A50-B406-0E0F409FE11D}.Release|x64.Deploy.0 = Release|x64
		{9D9D5FD3-4C4C-4A50-B406-0E0F409FE11D}.Release|x86.ActiveCfg = Release|x86
		{9D9D5FD3-4C4C-4A50-B406-0E0F409FE11D}.Release|x86.Build.0 = Release|x86
		{9D9D5FD3-4C4C-4A50-B406-0E0F409FE11D}.Release|x86.Deploy.0 = Release|x86
		{E01977D4-199C-4F72-8149-B2050DC62264}.Debug|Any CPU.ActiveCfg = Debug|Any CPU
		{E01977D4-199C-4F72-8149-B2050DC62264}.Debug|Any CPU.Build.0 = Debug|Any CPU
		{E01977D4-199C-4F72-8149-B2050DC62264}.Debug|ARM.ActiveCfg = Debug|ARM
		{E01977D4-199C-4F72-8149-B2050DC62264}.Debug|ARM.Build.0 = Debug|ARM
		{E01977D4-199C-4F72-8149-B2050DC62264}.Debug|ARM64.ActiveCfg = Debug|ARM64
		{E01977D4-199C-4F72-8149-B2050DC62264}.Debug|ARM64.Build.0 = Debug|ARM64
		{E01977D4-199C-4F72-8149-B2050DC62264}.Debug|x64.ActiveCfg = Debug|x64
		{E01977D4-199C-4F72-8149-B2050DC62264}.Debug|x64.Build.0 = Debug|x64
		{E01977D4-199C-4F72-8149-B2050DC62264}.Debug|x86.ActiveCfg = Debug|x86
		{E01977D4-199C-4F72-8149-B2050DC62264}.Debug|x86.Build.0 = Debug|x86
		{E01977D4-199C-4F72-8149-B2050DC62264}.Release|Any CPU.ActiveCfg = Release|Any CPU
		{E01977D4-199C-4F72-8149-B2050DC62264}.Release|Any CPU.Build.0 = Release|Any CPU
		{E01977D4-199C-4F72-8149-B2050DC62264}.Release|ARM.ActiveCfg = Release|ARM
		{E01977D4-199C-4F72-8149-B2050DC62264}.Release|ARM.Build.0 = Release|ARM
		{E01977D4-199C-4F72-8149-B2050DC62264}.Release|ARM64.ActiveCfg = Release|ARM64
		{E01977D4-199C-4F72-8149-B2050DC62264}.Release|ARM64.Build.0 = Release|ARM64
		{E01977D4-199C-4F72-8149-B2050DC62264}.Release|x64.ActiveCfg = Release|x64
		{E01977D4-199C-4F72-8149-B2050DC62264}.Release|x64.Build.0 = Release|x64
		{E01977D4-199C-4F72-8149-B2050DC62264}.Release|x86.ActiveCfg = Release|x86
		{E01977D4-199C-4F72-8149-B2050DC62264}.Release|x86.Build.0 = Release|x86
		{75871DE9-1EB8-44D1-8684-22DE170E1368}.Debug|Any CPU.ActiveCfg = Debug|Any CPU
		{75871DE9-1EB8-44D1-8684-22DE170E1368}.Debug|Any CPU.Build.0 = Debug|Any CPU
		{75871DE9-1EB8-44D1-8684-22DE170E1368}.Debug|ARM.ActiveCfg = Debug|ARM
		{75871DE9-1EB8-44D1-8684-22DE170E1368}.Debug|ARM.Build.0 = Debug|ARM
		{75871DE9-1EB8-44D1-8684-22DE170E1368}.Debug|ARM64.ActiveCfg = Debug|ARM64
		{75871DE9-1EB8-44D1-8684-22DE170E1368}.Debug|ARM64.Build.0 = Debug|ARM64
		{75871DE9-1EB8-44D1-8684-22DE170E1368}.Debug|x64.ActiveCfg = Debug|x64
		{75871DE9-1EB8-44D1-8684-22DE170E1368}.Debug|x64.Build.0 = Debug|x64
		{75871DE9-1EB8-44D1-8684-22DE170E1368}.Debug|x86.ActiveCfg = Debug|x86
		{75871DE9-1EB8-44D1-8684-22DE170E1368}.Debug|x86.Build.0 = Debug|x86
		{75871DE9-1EB8-44D1-8684-22DE170E1368}.Release|Any CPU.ActiveCfg = Release|Any CPU
		{75871DE9-1EB8-44D1-8684-22DE170E1368}.Release|Any CPU.Build.0 = Release|Any CPU
		{75871DE9-1EB8-44D1-8684-22DE170E1368}.Release|ARM.ActiveCfg = Release|ARM
		{75871DE9-1EB8-44D1-8684-22DE170E1368}.Release|ARM.Build.0 = Release|ARM
		{75871DE9-1EB8-44D1-8684-22DE170E1368}.Release|ARM64.ActiveCfg = Release|ARM64
		{75871DE9-1EB8-44D1-8684-22DE170E1368}.Release|ARM64.Build.0 = Release|ARM64
		{75871DE9-1EB8-44D1-8684-22DE170E1368}.Release|x64.ActiveCfg = Release|x64
		{75871DE9-1EB8-44D1-8684-22DE170E1368}.Release|x64.Build.0 = Release|x64
		{75871DE9-1EB8-44D1-8684-22DE170E1368}.Release|x86.ActiveCfg = Release|x86
		{75871DE9-1EB8-44D1-8684-22DE170E1368}.Release|x86.Build.0 = Release|x86
		{F5F61BED-48FA-4654-AE78-1B2F2EF22C11}.Debug|Any CPU.ActiveCfg = Debug|Any CPU
		{F5F61BED-48FA-4654-AE78-1B2F2EF22C11}.Debug|Any CPU.Build.0 = Debug|Any CPU
		{F5F61BED-48FA-4654-AE78-1B2F2EF22C11}.Debug|ARM.ActiveCfg = Debug|ARM
		{F5F61BED-48FA-4654-AE78-1B2F2EF22C11}.Debug|ARM.Build.0 = Debug|ARM
		{F5F61BED-48FA-4654-AE78-1B2F2EF22C11}.Debug|ARM64.ActiveCfg = Debug|ARM64
		{F5F61BED-48FA-4654-AE78-1B2F2EF22C11}.Debug|ARM64.Build.0 = Debug|ARM64
		{F5F61BED-48FA-4654-AE78-1B2F2EF22C11}.Debug|x64.ActiveCfg = Debug|x64
		{F5F61BED-48FA-4654-AE78-1B2F2EF22C11}.Debug|x64.Build.0 = Debug|x64
		{F5F61BED-48FA-4654-AE78-1B2F2EF22C11}.Debug|x86.ActiveCfg = Debug|x86
		{F5F61BED-48FA-4654-AE78-1B2F2EF22C11}.Debug|x86.Build.0 = Debug|x86
		{F5F61BED-48FA-4654-AE78-1B2F2EF22C11}.Release|Any CPU.ActiveCfg = Release|Any CPU
		{F5F61BED-48FA-4654-AE78-1B2F2EF22C11}.Release|Any CPU.Build.0 = Release|Any CPU
		{F5F61BED-48FA-4654-AE78-1B2F2EF22C11}.Release|ARM.ActiveCfg = Release|ARM
		{F5F61BED-48FA-4654-AE78-1B2F2EF22C11}.Release|ARM.Build.0 = Release|ARM
		{F5F61BED-48FA-4654-AE78-1B2F2EF22C11}.Release|ARM64.ActiveCfg = Release|ARM64
		{F5F61BED-48FA-4654-AE78-1B2F2EF22C11}.Release|ARM64.Build.0 = Release|ARM64
		{F5F61BED-48FA-4654-AE78-1B2F2EF22C11}.Release|x64.ActiveCfg = Release|x64
		{F5F61BED-48FA-4654-AE78-1B2F2EF22C11}.Release|x64.Build.0 = Release|x64
		{F5F61BED-48FA-4654-AE78-1B2F2EF22C11}.Release|x86.ActiveCfg = Release|x86
		{F5F61BED-48FA-4654-AE78-1B2F2EF22C11}.Release|x86.Build.0 = Release|x86
		{73559D62-1DB8-42F8-B690-FE1B69BC2AC3}.Debug|Any CPU.ActiveCfg = Debug|x64
		{73559D62-1DB8-42F8-B690-FE1B69BC2AC3}.Debug|Any CPU.Build.0 = Debug|x64
		{73559D62-1DB8-42F8-B690-FE1B69BC2AC3}.Debug|Any CPU.Deploy.0 = Debug|x64
		{73559D62-1DB8-42F8-B690-FE1B69BC2AC3}.Debug|ARM.ActiveCfg = Debug|ARM
		{73559D62-1DB8-42F8-B690-FE1B69BC2AC3}.Debug|ARM.Build.0 = Debug|ARM
		{73559D62-1DB8-42F8-B690-FE1B69BC2AC3}.Debug|ARM.Deploy.0 = Debug|ARM
		{73559D62-1DB8-42F8-B690-FE1B69BC2AC3}.Debug|ARM64.ActiveCfg = Debug|ARM64
		{73559D62-1DB8-42F8-B690-FE1B69BC2AC3}.Debug|ARM64.Build.0 = Debug|ARM64
		{73559D62-1DB8-42F8-B690-FE1B69BC2AC3}.Debug|ARM64.Deploy.0 = Debug|ARM64
		{73559D62-1DB8-42F8-B690-FE1B69BC2AC3}.Debug|x64.ActiveCfg = Debug|x64
		{73559D62-1DB8-42F8-B690-FE1B69BC2AC3}.Debug|x64.Build.0 = Debug|x64
		{73559D62-1DB8-42F8-B690-FE1B69BC2AC3}.Debug|x64.Deploy.0 = Debug|x64
		{73559D62-1DB8-42F8-B690-FE1B69BC2AC3}.Debug|x86.ActiveCfg = Debug|x86
		{73559D62-1DB8-42F8-B690-FE1B69BC2AC3}.Debug|x86.Build.0 = Debug|x86
		{73559D62-1DB8-42F8-B690-FE1B69BC2AC3}.Debug|x86.Deploy.0 = Debug|x86
		{73559D62-1DB8-42F8-B690-FE1B69BC2AC3}.Release|Any CPU.ActiveCfg = Release|x64
		{73559D62-1DB8-42F8-B690-FE1B69BC2AC3}.Release|Any CPU.Build.0 = Release|x64
		{73559D62-1DB8-42F8-B690-FE1B69BC2AC3}.Release|Any CPU.Deploy.0 = Release|x64
		{73559D62-1DB8-42F8-B690-FE1B69BC2AC3}.Release|ARM.ActiveCfg = Release|ARM
		{73559D62-1DB8-42F8-B690-FE1B69BC2AC3}.Release|ARM.Build.0 = Release|ARM
		{73559D62-1DB8-42F8-B690-FE1B69BC2AC3}.Release|ARM.Deploy.0 = Release|ARM
		{73559D62-1DB8-42F8-B690-FE1B69BC2AC3}.Release|ARM64.ActiveCfg = Release|ARM64
		{73559D62-1DB8-42F8-B690-FE1B69BC2AC3}.Release|ARM64.Build.0 = Release|ARM64
		{73559D62-1DB8-42F8-B690-FE1B69BC2AC3}.Release|ARM64.Deploy.0 = Release|ARM64
		{73559D62-1DB8-42F8-B690-FE1B69BC2AC3}.Release|x64.ActiveCfg = Release|x64
		{73559D62-1DB8-42F8-B690-FE1B69BC2AC3}.Release|x64.Build.0 = Release|x64
		{73559D62-1DB8-42F8-B690-FE1B69BC2AC3}.Release|x64.Deploy.0 = Release|x64
		{73559D62-1DB8-42F8-B690-FE1B69BC2AC3}.Release|x86.ActiveCfg = Release|x86
		{73559D62-1DB8-42F8-B690-FE1B69BC2AC3}.Release|x86.Build.0 = Release|x86
		{73559D62-1DB8-42F8-B690-FE1B69BC2AC3}.Release|x86.Deploy.0 = Release|x86
		{180509FA-A508-4657-8106-56290E86790E}.Debug|Any CPU.ActiveCfg = Debug|Any CPU
		{180509FA-A508-4657-8106-56290E86790E}.Debug|Any CPU.Build.0 = Debug|Any CPU
		{180509FA-A508-4657-8106-56290E86790E}.Debug|ARM.ActiveCfg = Debug|ARM
		{180509FA-A508-4657-8106-56290E86790E}.Debug|ARM.Build.0 = Debug|ARM
		{180509FA-A508-4657-8106-56290E86790E}.Debug|ARM64.ActiveCfg = Debug|ARM64
		{180509FA-A508-4657-8106-56290E86790E}.Debug|ARM64.Build.0 = Debug|ARM64
		{180509FA-A508-4657-8106-56290E86790E}.Debug|x64.ActiveCfg = Debug|x64
		{180509FA-A508-4657-8106-56290E86790E}.Debug|x64.Build.0 = Debug|x64
		{180509FA-A508-4657-8106-56290E86790E}.Debug|x86.ActiveCfg = Debug|x86
		{180509FA-A508-4657-8106-56290E86790E}.Debug|x86.Build.0 = Debug|x86
		{180509FA-A508-4657-8106-56290E86790E}.Release|Any CPU.ActiveCfg = Release|Any CPU
		{180509FA-A508-4657-8106-56290E86790E}.Release|Any CPU.Build.0 = Release|Any CPU
		{180509FA-A508-4657-8106-56290E86790E}.Release|ARM.ActiveCfg = Release|ARM
		{180509FA-A508-4657-8106-56290E86790E}.Release|ARM.Build.0 = Release|ARM
		{180509FA-A508-4657-8106-56290E86790E}.Release|ARM64.ActiveCfg = Release|ARM64
		{180509FA-A508-4657-8106-56290E86790E}.Release|ARM64.Build.0 = Release|ARM64
		{180509FA-A508-4657-8106-56290E86790E}.Release|x64.ActiveCfg = Release|x64
		{180509FA-A508-4657-8106-56290E86790E}.Release|x64.Build.0 = Release|x64
		{180509FA-A508-4657-8106-56290E86790E}.Release|x86.ActiveCfg = Release|x86
		{180509FA-A508-4657-8106-56290E86790E}.Release|x86.Build.0 = Release|x86
		{B0514C47-B81D-4CBC-B4D2-7073AF843D9A}.Debug|Any CPU.ActiveCfg = Debug|Any CPU
		{B0514C47-B81D-4CBC-B4D2-7073AF843D9A}.Debug|Any CPU.Build.0 = Debug|Any CPU
		{B0514C47-B81D-4CBC-B4D2-7073AF843D9A}.Debug|ARM.ActiveCfg = Debug|ARM
		{B0514C47-B81D-4CBC-B4D2-7073AF843D9A}.Debug|ARM.Build.0 = Debug|ARM
		{B0514C47-B81D-4CBC-B4D2-7073AF843D9A}.Debug|ARM64.ActiveCfg = Debug|ARM64
		{B0514C47-B81D-4CBC-B4D2-7073AF843D9A}.Debug|ARM64.Build.0 = Debug|ARM64
		{B0514C47-B81D-4CBC-B4D2-7073AF843D9A}.Debug|x64.ActiveCfg = Debug|x64
		{B0514C47-B81D-4CBC-B4D2-7073AF843D9A}.Debug|x64.Build.0 = Debug|x64
		{B0514C47-B81D-4CBC-B4D2-7073AF843D9A}.Debug|x86.ActiveCfg = Debug|x86
		{B0514C47-B81D-4CBC-B4D2-7073AF843D9A}.Debug|x86.Build.0 = Debug|x86
		{B0514C47-B81D-4CBC-B4D2-7073AF843D9A}.Release|Any CPU.ActiveCfg = Release|Any CPU
		{B0514C47-B81D-4CBC-B4D2-7073AF843D9A}.Release|Any CPU.Build.0 = Release|Any CPU
		{B0514C47-B81D-4CBC-B4D2-7073AF843D9A}.Release|ARM.ActiveCfg = Release|ARM
		{B0514C47-B81D-4CBC-B4D2-7073AF843D9A}.Release|ARM.Build.0 = Release|ARM
		{B0514C47-B81D-4CBC-B4D2-7073AF843D9A}.Release|ARM64.ActiveCfg = Release|ARM64
		{B0514C47-B81D-4CBC-B4D2-7073AF843D9A}.Release|ARM64.Build.0 = Release|ARM64
		{B0514C47-B81D-4CBC-B4D2-7073AF843D9A}.Release|x64.ActiveCfg = Release|x64
		{B0514C47-B81D-4CBC-B4D2-7073AF843D9A}.Release|x64.Build.0 = Release|x64
		{B0514C47-B81D-4CBC-B4D2-7073AF843D9A}.Release|x86.ActiveCfg = Release|x86
		{B0514C47-B81D-4CBC-B4D2-7073AF843D9A}.Release|x86.Build.0 = Release|x86
	EndGlobalSection
	GlobalSection(SolutionProperties) = preSolution
		HideSolutionNode = FALSE
	EndGlobalSection
	GlobalSection(ExtensibilityGlobals) = postSolution
		SolutionGuid = {33CB953C-6774-4FA2-9F53-E39786B71CEC}
	EndGlobalSection
EndGlobal
